<Solution>
  <Folder Name="/src/">
    <Project Path="src/Starbucks.Api/Starbucks.Api.csproj" />
    <Project Path="src/Starbucks.Application/Starbucks.Application.csproj" />
    <Project Path="src/Starbucks.Domain/Starbucks.Domain.csproj" />
    <Project Path="src/Starbucks.Persistence/Starbucks.Persistence.csproj" />
  </Folder>
</Solution>
